
Microsoft Visual Studio Solution File, Format Version 12.00
# Visual Studio 15
Project("{FAE04EC0-301F-11D3-BF4B-00C04F79EFBC}") = "VuforiaScripts", "VuforiaScripts.csproj", "{860C450C-3980-6096-7520-F4CD2F0455F0}"
EndProject
Project("{FAE04EC0-301F-11D3-BF4B-00C04F79EFBC}") = "Assembly-CSharp", "Assembly-CSharp.csproj", "{5417A27D-DBAA-434A-A8B2-150C883083E7}"
EndProject
Project("{FAE04EC0-301F-11D3-BF4B-00C04F79EFBC}") = "VuforiaEditorScripts", "VuforiaEditorScripts.csproj", "{9013118E-D067-5802-F3D3-3F0D2ED891AB}"
EndProject
Global
	GlobalSection(SolutionConfigurationPlatforms) = preSolution
		Debug|Any CPU = Debug|Any CPU
		Release|Any CPU = Release|Any CPU
	EndGlobalSection
	GlobalSection(ProjectConfigurationPlatforms) = postSolution
		{860C450C-3980-6096-7520-F4CD2F0455F0}.Debug|Any CPU.ActiveCfg = Debug|Any CPU
		{860C450C-3980-6096-7520-F4CD2F0455F0}.Debug|Any CPU.Build.0 = Debug|Any CPU
		{860C450C-3980-6096-7520-F4CD2F0455F0}.Release|Any CPU.ActiveCfg = Release|Any CPU
		{860C450C-3980-6096-7520-F4CD2F0455F0}.Release|Any CPU.Build.0 = Release|Any CPU
		{5417A27D-DBAA-434A-A8B2-150C883083E7}.Debug|Any CPU.ActiveCfg = Debug|Any CPU
		{5417A27D-DBAA-434A-A8B2-150C883083E7}.Debug|Any CPU.Build.0 = Debug|Any CPU
		{5417A27D-DBAA-434A-A8B2-150C883083E7}.Release|Any CPU.ActiveCfg = Release|Any CPU
		{5417A27D-DBAA-434A-A8B2-150C883083E7}.Release|Any CPU.Build.0 = Release|Any CPU
		{9013118E-D067-5802-F3D3-3F0D2ED891AB}.Debug|Any CPU.ActiveCfg = Debug|Any CPU
		{9013118E-D067-5802-F3D3-3F0D2ED891AB}.Debug|Any CPU.Build.0 = Debug|Any CPU
		{9013118E-D067-5802-F3D3-3F0D2ED891AB}.Release|Any CPU.ActiveCfg = Release|Any CPU
		{9013118E-D067-5802-F3D3-3F0D2ED891AB}.Release|Any CPU.Build.0 = Release|Any CPU
	EndGlobalSection
	GlobalSection(SolutionProperties) = preSolution
		HideSolutionNode = FALSE
	EndGlobalSection
EndGlobal
