
Microsoft Visual Studio Solution File, Format Version 12.00
# Visual Studio 15
Project("{FAE04EC0-301F-11D3-BF4B-00C04F79EFBC}") = "AIPractice", "Assembly-CSharp.csproj", "{E8967C0C-08AE-2FB4-E629-E8999D8E892B}"
EndProject
Project("{FAE04EC0-301F-11D3-BF4B-00C04F79EFBC}") = "AIPractice", "Assembly-CSharp-firstpass.csproj", "{C64FD397-90CB-88CD-7086-B455FC92D5E0}"
EndProject
Project("{FAE04EC0-301F-11D3-BF4B-00C04F79EFBC}") = "AIPractice", "Assembly-CSharp-Editor-firstpass.csproj", "{3CD507E9-3B4E-5F4B-51D0-59A494AC0D9A}"
EndProject
Global
	GlobalSection(SolutionConfigurationPlatforms) = preSolution
		Debug|Any CPU = Debug|Any CPU
		Release|Any CPU = Release|Any CPU
	EndGlobalSection
	GlobalSection(ProjectConfigurationPlatforms) = postSolution
		{E8967C0C-08AE-2FB4-E629-E8999D8E892B}.Debug|Any CPU.ActiveCfg = Debug|Any CPU
		{E8967C0C-08AE-2FB4-E629-E8999D8E892B}.Debug|Any CPU.Build.0 = Debug|Any CPU
		{E8967C0C-08AE-2FB4-E629-E8999D8E892B}.Release|Any CPU.ActiveCfg = Release|Any CPU
		{E8967C0C-08AE-2FB4-E629-E8999D8E892B}.Release|Any CPU.Build.0 = Release|Any CPU
		{C64FD397-90CB-88CD-7086-B455FC92D5E0}.Debug|Any CPU.ActiveCfg = Debug|Any CPU
		{C64FD397-90CB-88CD-7086-B455FC92D5E0}.Debug|Any CPU.Build.0 = Debug|Any CPU
		{C64FD397-90CB-88CD-7086-B455FC92D5E0}.Release|Any CPU.ActiveCfg = Release|Any CPU
		{C64FD397-90CB-88CD-7086-B455FC92D5E0}.Release|Any CPU.Build.0 = Release|Any CPU
		{3CD507E9-3B4E-5F4B-51D0-59A494AC0D9A}.Debug|Any CPU.ActiveCfg = Debug|Any CPU
		{3CD507E9-3B4E-5F4B-51D0-59A494AC0D9A}.Debug|Any CPU.Build.0 = Debug|Any CPU
		{3CD507E9-3B4E-5F4B-51D0-59A494AC0D9A}.Release|Any CPU.ActiveCfg = Release|Any CPU
		{3CD507E9-3B4E-5F4B-51D0-59A494AC0D9A}.Release|Any CPU.Build.0 = Release|Any CPU
	EndGlobalSection
	GlobalSection(SolutionProperties) = preSolution
		HideSolutionNode = FALSE
	EndGlobalSection
EndGlobal
